
{
  "name": "draw_chart",
  "version": "1.2.0",
  "description": "Node.js on Docker with Express and EJS",
  "author": "Shu Iida",
  "main": "index.js",
  "scripts": {
    "start": "node index.js"
  },
  "dependencies": {
    "ejs": "^5.0.2",
    "express": "^5.2.1"
  },
  "engines": {
    "node": "22.x"
  }
}
    